
Microsoft Visual Studio Solution File, Format Version 12.00
# Visual Studio Version 16
VisualStudioVersion = 16.0.30907.101
MinimumVisualStudioVersion = 10.0.40219.1
Project("{FAE04EC0-301F-11D3-BF4B-00C04F79EFBC}") = "WebSite", "WebApplication1\WebSite.csproj", "{A2695C3D-FF54-4F0D-8566-1A18B84DBF36}"
EndProject
Global
	GlobalSection(SolutionConfigurationPlatforms) = preSolution
		Debug|Any CPU = Debug|Any CPU
		Release|Any CPU = Release|Any CPU
	EndGlobalSection
	GlobalSection(ProjectConfigurationPlatforms) = postSolution
		{A2695C3D-FF54-4F0D-8566-1A18B84DBF36}.Debug|Any CPU.ActiveCfg = Debug|Any CPU
		{A2695C3D-FF54-4F0D-8566-1A18B84DBF36}.Debug|Any CPU.Build.0 = Debug|Any CPU
		{A2695C3D-FF54-4F0D-8566-1A18B84DBF36}.Release|Any CPU.ActiveCfg = Release|Any CPU
		{A2695C3D-FF54-4F0D-8566-1A18B84DBF36}.Release|Any CPU.Build.0 = Release|Any CPU
	EndGlobalSection
	GlobalSection(SolutionProperties) = preSolution
		HideSolutionNode = FALSE
	EndGlobalSection
	GlobalSection(ExtensibilityGlobals) = postSolution
		SolutionGuid = {EAC9DF9C-0658-4646-907A-1A03846A132C}
	EndGlobalSection
EndGlobal
